
Microsoft Visual Studio Solution File, Format Version 12.00
# Visual Studio Version 16
VisualStudioVersion = 16.0.31605.320
MinimumVisualStudioVersion = 10.0.40219.1
Project("{9A19103F-16F7-4668-BE54-9A1E7A4F7556}") = "LanchoneteAPI", "LanchoneteAPI\LanchoneteAPI.csproj", "{43549A60-2481-498A-AFE4-4A4610225DCA}"
EndProject
Project("{FAE04EC0-301F-11D3-BF4B-00C04F79EFBC}") = "LanchoneteWebAppMVC", "LanchoneteWebAppMVC\LanchoneteWebAppMVC.csproj", "{131E993D-E23D-4431-99D2-A6323129DEEE}"
EndProject
Global
	GlobalSection(SolutionConfigurationPlatforms) = preSolution
		Debug|Any CPU = Debug|Any CPU
		Release|Any CPU = Release|Any CPU
	EndGlobalSection
	GlobalSection(ProjectConfigurationPlatforms) = postSolution
		{43549A60-2481-498A-AFE4-4A4610225DCA}.Debug|Any CPU.ActiveCfg = Debug|Any CPU
		{43549A60-2481-498A-AFE4-4A4610225DCA}.Debug|Any CPU.Build.0 = Debug|Any CPU
		{43549A60-2481-498A-AFE4-4A4610225DCA}.Release|Any CPU.ActiveCfg = Release|Any CPU
		{43549A60-2481-498A-AFE4-4A4610225DCA}.Release|Any CPU.Build.0 = Release|Any CPU
		{131E993D-E23D-4431-99D2-A6323129DEEE}.Debug|Any CPU.ActiveCfg = Debug|Any CPU
		{131E993D-E23D-4431-99D2-A6323129DEEE}.Debug|Any CPU.Build.0 = Debug|Any CPU
		{131E993D-E23D-4431-99D2-A6323129DEEE}.Release|Any CPU.ActiveCfg = Release|Any CPU
		{131E993D-E23D-4431-99D2-A6323129DEEE}.Release|Any CPU.Build.0 = Release|Any CPU
	EndGlobalSection
	GlobalSection(SolutionProperties) = preSolution
		HideSolutionNode = FALSE
	EndGlobalSection
	GlobalSection(ExtensibilityGlobals) = postSolution
		SolutionGuid = {22A54144-F602-4159-B91D-51D20B6F8233}
	EndGlobalSection
EndGlobal
