
Microsoft Visual Studio Solution File, Format Version 12.00
# Visual Studio Version 16
VisualStudioVersion = 16.0.31515.178
MinimumVisualStudioVersion = 10.0.40219.1
Project("{9A19103F-16F7-4668-BE54-9A1E7A4F7556}") = "ProjetoMVCDotNetCore", "ProjMVCDotNetCore\ProjetoMVCDotNetCore.csproj", "{EA0F56D2-F146-431E-A3F5-0CD6D0D8EE2B}"
EndProject
Global
	GlobalSection(SolutionConfigurationPlatforms) = preSolution
		Debug|Any CPU = Debug|Any CPU
		Release|Any CPU = Release|Any CPU
	EndGlobalSection
	GlobalSection(ProjectConfigurationPlatforms) = postSolution
		{EA0F56D2-F146-431E-A3F5-0CD6D0D8EE2B}.Debug|Any CPU.ActiveCfg = Debug|Any CPU
		{EA0F56D2-F146-431E-A3F5-0CD6D0D8EE2B}.Debug|Any CPU.Build.0 = Debug|Any CPU
		{EA0F56D2-F146-431E-A3F5-0CD6D0D8EE2B}.Release|Any CPU.ActiveCfg = Release|Any CPU
		{EA0F56D2-F146-431E-A3F5-0CD6D0D8EE2B}.Release|Any CPU.Build.0 = Release|Any CPU
	EndGlobalSection
	GlobalSection(SolutionProperties) = preSolution
		HideSolutionNode = FALSE
	EndGlobalSection
	GlobalSection(ExtensibilityGlobals) = postSolution
		SolutionGuid = {D783E269-A955-4862-918A-D567606E6200}
	EndGlobalSection
EndGlobal
