
Microsoft Visual Studio Solution File, Format Version 12.00
# Visual Studio Version 16
VisualStudioVersion = 16.0.31515.178
MinimumVisualStudioVersion = 10.0.40219.1
Project("{FAE04EC0-301F-11D3-BF4B-00C04F79EFBC}") = "Evento", "Evento\Evento.csproj", "{A55D276E-1683-4D8D-A1B0-99E62FF8CA01}"
EndProject
Global
	GlobalSection(SolutionConfigurationPlatforms) = preSolution
		Debug|Any CPU = Debug|Any CPU
		Release|Any CPU = Release|Any CPU
	EndGlobalSection
	GlobalSection(ProjectConfigurationPlatforms) = postSolution
		{A55D276E-1683-4D8D-A1B0-99E62FF8CA01}.Debug|Any CPU.ActiveCfg = Debug|Any CPU
		{A55D276E-1683-4D8D-A1B0-99E62FF8CA01}.Debug|Any CPU.Build.0 = Debug|Any CPU
		{A55D276E-1683-4D8D-A1B0-99E62FF8CA01}.Release|Any CPU.ActiveCfg = Release|Any CPU
		{A55D276E-1683-4D8D-A1B0-99E62FF8CA01}.Release|Any CPU.Build.0 = Release|Any CPU
	EndGlobalSection
	GlobalSection(SolutionProperties) = preSolution
		HideSolutionNode = FALSE
	EndGlobalSection
	GlobalSection(ExtensibilityGlobals) = postSolution
		SolutionGuid = {CC123D8C-08A1-4CFB-9D19-3F4A2CBC47C0}
	EndGlobalSection
EndGlobal
