
Microsoft Visual Studio Solution File, Format Version 12.00
# Visual Studio Version 16
VisualStudioVersion = 16.0.31515.178
MinimumVisualStudioVersion = 10.0.40219.1
Project("{FAE04EC0-301F-11D3-BF4B-00C04F79EFBC}") = "ProjWeb16082021", "ProjAula16082021\ProjWeb16082021.csproj", "{D4B6D06F-9AE2-4E88-8A71-A45BA8DCB82D}"
EndProject
Global
	GlobalSection(SolutionConfigurationPlatforms) = preSolution
		Debug|Any CPU = Debug|Any CPU
		Release|Any CPU = Release|Any CPU
	EndGlobalSection
	GlobalSection(ProjectConfigurationPlatforms) = postSolution
		{D4B6D06F-9AE2-4E88-8A71-A45BA8DCB82D}.Debug|Any CPU.ActiveCfg = Debug|Any CPU
		{D4B6D06F-9AE2-4E88-8A71-A45BA8DCB82D}.Debug|Any CPU.Build.0 = Debug|Any CPU
		{D4B6D06F-9AE2-4E88-8A71-A45BA8DCB82D}.Release|Any CPU.ActiveCfg = Release|Any CPU
		{D4B6D06F-9AE2-4E88-8A71-A45BA8DCB82D}.Release|Any CPU.Build.0 = Release|Any CPU
	EndGlobalSection
	GlobalSection(SolutionProperties) = preSolution
		HideSolutionNode = FALSE
	EndGlobalSection
	GlobalSection(ExtensibilityGlobals) = postSolution
		SolutionGuid = {CDA3A33A-BBFE-456F-A4A8-94F684B4BEBF}
	EndGlobalSection
EndGlobal
